
Microsoft Visual Studio Solution File, Format Version 12.00
# Visual Studio 15
VisualStudioVersion = 15.0.27703.2042
MinimumVisualStudioVersion = 10.0.40219.1
Project("{F184B08F-C81C-45F6-A57F-5ABD9991F28F}") = "DevTest3", "DevTest3\DevTest3.vbproj", "{08687AFE-6E1B-4549-92EA-CB97C971C886}"
EndProject
Global
	GlobalSection(SolutionConfigurationPlatforms) = preSolution
		Debug|Any CPU = Debug|Any CPU
		Release|Any CPU = Release|Any CPU
	EndGlobalSection
	GlobalSection(ProjectConfigurationPlatforms) = postSolution
		{08687AFE-6E1B-4549-92EA-CB97C971C886}.Debug|Any CPU.ActiveCfg = Debug|Any CPU
		{08687AFE-6E1B-4549-92EA-CB97C971C886}.Debug|Any CPU.Build.0 = Debug|Any CPU
		{08687AFE-6E1B-4549-92EA-CB97C971C886}.Release|Any CPU.ActiveCfg = Release|Any CPU
		{08687AFE-6E1B-4549-92EA-CB97C971C886}.Release|Any CPU.Build.0 = Release|Any CPU
	EndGlobalSection
	GlobalSection(SolutionProperties) = preSolution
		HideSolutionNode = FALSE
	EndGlobalSection
	GlobalSection(ExtensibilityGlobals) = postSolution
		SolutionGuid = {C4568342-0301-4108-BE5A-61B2B92CEE4E}
	EndGlobalSection
EndGlobal
